
Microsoft Visual Studio Solution File, Format Version 12.00
# Visual Studio 2015
Project("{FAE04EC0-301F-11D3-BF4B-00C04F79EFBC}") = "_topdown.Plugins", "_topdown.Plugins.csproj", "{D8FC234F-7A3C-3E63-E4CC-5C4AF2114E4B}"
EndProject
Project("{FAE04EC0-301F-11D3-BF4B-00C04F79EFBC}") = "_topdown", "_topdown.csproj", "{65C81B15-D481-6717-342A-4E0391A21518}"
EndProject
Project("{FAE04EC0-301F-11D3-BF4B-00C04F79EFBC}") = "_topdown.Editor.Plugins", "_topdown.Editor.Plugins.csproj", "{096A19BC-7ADF-F4F7-3A92-35C279FE30E7}"
EndProject
Project("{FAE04EC0-301F-11D3-BF4B-00C04F79EFBC}") = "_topdown.Editor", "_topdown.Editor.csproj", "{1B3E701D-4BD7-0F27-9F9D-20233587A842}"
EndProject
Global
	GlobalSection(SolutionConfigurationPlatforms) = preSolution
		Debug|Any CPU = Debug|Any CPU
		Release|Any CPU = Release|Any CPU
	EndGlobalSection
	GlobalSection(ProjectConfigurationPlatforms) = postSolution
		{D8FC234F-7A3C-3E63-E4CC-5C4AF2114E4B}.Debug|Any CPU.ActiveCfg = Debug|Any CPU
		{D8FC234F-7A3C-3E63-E4CC-5C4AF2114E4B}.Debug|Any CPU.Build.0 = Debug|Any CPU
		{D8FC234F-7A3C-3E63-E4CC-5C4AF2114E4B}.Release|Any CPU.ActiveCfg = Release|Any CPU
		{D8FC234F-7A3C-3E63-E4CC-5C4AF2114E4B}.Release|Any CPU.Build.0 = Release|Any CPU
		{65C81B15-D481-6717-342A-4E0391A21518}.Debug|Any CPU.ActiveCfg = Debug|Any CPU
		{65C81B15-D481-6717-342A-4E0391A21518}.Debug|Any CPU.Build.0 = Debug|Any CPU
		{65C81B15-D481-6717-342A-4E0391A21518}.Release|Any CPU.ActiveCfg = Release|Any CPU
		{65C81B15-D481-6717-342A-4E0391A21518}.Release|Any CPU.Build.0 = Release|Any CPU
		{096A19BC-7ADF-F4F7-3A92-35C279FE30E7}.Debug|Any CPU.ActiveCfg = Debug|Any CPU
		{096A19BC-7ADF-F4F7-3A92-35C279FE30E7}.Debug|Any CPU.Build.0 = Debug|Any CPU
		{096A19BC-7ADF-F4F7-3A92-35C279FE30E7}.Release|Any CPU.ActiveCfg = Release|Any CPU
		{096A19BC-7ADF-F4F7-3A92-35C279FE30E7}.Release|Any CPU.Build.0 = Release|Any CPU
		{1B3E701D-4BD7-0F27-9F9D-20233587A842}.Debug|Any CPU.ActiveCfg = Debug|Any CPU
		{1B3E701D-4BD7-0F27-9F9D-20233587A842}.Debug|Any CPU.Build.0 = Debug|Any CPU
		{1B3E701D-4BD7-0F27-9F9D-20233587A842}.Release|Any CPU.ActiveCfg = Release|Any CPU
		{1B3E701D-4BD7-0F27-9F9D-20233587A842}.Release|Any CPU.Build.0 = Release|Any CPU
	EndGlobalSection
	GlobalSection(SolutionProperties) = preSolution
		HideSolutionNode = FALSE
	EndGlobalSection
EndGlobal
